
Microsoft Visual Studio Solution File, Format Version 12.00
# Visual Studio Version 16
VisualStudioVersion = 16.0.30717.126
MinimumVisualStudioVersion = 10.0.40219.1
Project("{9A19103F-16F7-4668-BE54-9A1E7A4F7556}") = "Katas", "Katas\Katas.csproj", "{67432DC3-7015-44B7-85C7-F4B32BE2BD98}"
EndProject
Project("{9A19103F-16F7-4668-BE54-9A1E7A4F7556}") = "KatasTests", "KatasTests\KatasTests.csproj", "{371D3AFD-9C4B-44C2-BA08-E2D1129FE4B5}"
EndProject
Global
	GlobalSection(SolutionConfigurationPlatforms) = preSolution
		Debug|Any CPU = Debug|Any CPU
		Release|Any CPU = Release|Any CPU
	EndGlobalSection
	GlobalSection(ProjectConfigurationPlatforms) = postSolution
		{67432DC3-7015-44B7-85C7-F4B32BE2BD98}.Debug|Any CPU.ActiveCfg = Debug|Any CPU
		{67432DC3-7015-44B7-85C7-F4B32BE2BD98}.Debug|Any CPU.Build.0 = Debug|Any CPU
		{67432DC3-7015-44B7-85C7-F4B32BE2BD98}.Release|Any CPU.ActiveCfg = Release|Any CPU
		{67432DC3-7015-44B7-85C7-F4B32BE2BD98}.Release|Any CPU.Build.0 = Release|Any CPU
		{371D3AFD-9C4B-44C2-BA08-E2D1129FE4B5}.Debug|Any CPU.ActiveCfg = Debug|Any CPU
		{371D3AFD-9C4B-44C2-BA08-E2D1129FE4B5}.Debug|Any CPU.Build.0 = Debug|Any CPU
		{371D3AFD-9C4B-44C2-BA08-E2D1129FE4B5}.Release|Any CPU.ActiveCfg = Release|Any CPU
		{371D3AFD-9C4B-44C2-BA08-E2D1129FE4B5}.Release|Any CPU.Build.0 = Release|Any CPU
	EndGlobalSection
	GlobalSection(SolutionProperties) = preSolution
		HideSolutionNode = FALSE
	EndGlobalSection
	GlobalSection(ExtensibilityGlobals) = postSolution
		SolutionGuid = {77EB216C-0D08-46E7-ABEE-30FF6DE84EEB}
	EndGlobalSection
EndGlobal
